// !$*UTF8*$!
{
	archiveVersion = 1;
	classes = {
	};
	objectVersion = 56;
	objects = {

/* Begin PBXBuildFile section */
		062FF8A42C5441A400090FCA /* HomeViewModel.swift in Sources */ = {isa = PBXBuildFile; fileRef = 062FF8A32C5441A400090FCA /* HomeViewModel.swift */; };
		06AB8CDA2C542C420070F412 /* WatchOS todoApp Watch App.app in Embed Watch Content */ = {isa = PBXBuildFile; fileRef = 06AB8CD92C542C420070F412 /* WatchOS todoApp Watch App.app */; settings = {ATTRIBUTES = (RemoveHeadersOnCopy, ); }; };
		06AB8CDF2C542C420070F412 /* WatchOS_todoAppApp.swift in Sources */ = {isa = PBXBuildFile; fileRef = 06AB8CDE2C542C420070F412 /* WatchOS_todoAppApp.swift */; };
		06AB8CE12C542C420070F412 /* Home.swift in Sources */ = {isa = PBXBuildFile; fileRef = 06AB8CE02C542C420070F412 /* Home.swift */; };
		06AB8CE32C542C470070F412 /* Assets.xcassets in Resources */ = {isa = PBXBuildFile; fileRef = 06AB8CE22C542C470070F412 /* Assets.xcassets */; };
		06AB8CE62C542C470070F412 /* Preview Assets.xcassets in Resources */ = {isa = PBXBuildFile; fileRef = 06AB8CE52C542C470070F412 /* Preview Assets.xcassets */; };
		06AB8CF32C542DA10070F412 /* Note.swift in Sources */ = {isa = PBXBuildFile; fileRef = 06AB8CF22C542DA10070F412 /* Note.swift */; };
/* End PBXBuildFile section */

/* Begin PBXContainerItemProxy section */
		06AB8CDB2C542C420070F412 /* PBXContainerItemProxy */ = {
			isa = PBXContainerItemProxy;
			containerPortal = 06AB8CCD2C542C410070F412 /* Project object */;
			proxyType = 1;
			remoteGlobalIDString = 06AB8CD82C542C420070F412;
			remoteInfo = "WatchOS todoApp Watch App";
		};
/* End PBXContainerItemProxy section */

/* Begin PBXCopyFilesBuildPhase section */
		06AB8CEC2C542C470070F412 /* Embed Watch Content */ = {
			isa = PBXCopyFilesBuildPhase;
			buildActionMask = 2147483647;
			dstPath = "$(CONTENTS_FOLDER_PATH)/Watch";
			dstSubfolderSpec = 16;
			files = (
				06AB8CDA2C542C420070F412 /* WatchOS todoApp Watch App.app in Embed Watch Content */,
			);
			name = "Embed Watch Content";
			runOnlyForDeploymentPostprocessing = 0;
		};
/* End PBXCopyFilesBuildPhase section */

/* Begin PBXFileReference section */
		062FF8A32C5441A400090FCA /* HomeViewModel.swift */ = {isa = PBXFileReference; lastKnownFileType = sourcecode.swift; path = HomeViewModel.swift; sourceTree = "<group>"; };
		06AB8CD32C542C420070F412 /* WatchOS todoApp.app */ = {isa = PBXFileReference; explicitFileType = wrapper.application; includeInIndex = 0; path = "WatchOS todoApp.app"; sourceTree = BUILT_PRODUCTS_DIR; };
		06AB8CD92C542C420070F412 /* WatchOS todoApp Watch App.app */ = {isa = PBXFileReference; explicitFileType = wrapper.application; includeInIndex = 0; path = "WatchOS todoApp Watch App.app"; sourceTree = BUILT_PRODUCTS_DIR; };
		06AB8CDE2C542C420070F412 /* WatchOS_todoAppApp.swift */ = {isa = PBXFileReference; lastKnownFileType = sourcecode.swift; path = WatchOS_todoAppApp.swift; sourceTree = "<group>"; };
		06AB8CE02C542C420070F412 /* Home.swift */ = {isa = PBXFileReference; lastKnownFileType = sourcecode.swift; path = Home.swift; sourceTree = "<group>"; };
		06AB8CE22C542C470070F412 /* Assets.xcassets */ = {isa = PBXFileReference; lastKnownFileType = folder.assetcatalog; path = Assets.xcassets; sourceTree = "<group>"; };
		06AB8CE52C542C470070F412 /* Preview Assets.xcassets */ = {isa = PBXFileReference; lastKnownFileType = folder.assetcatalog; path = "Preview Assets.xcassets"; sourceTree = "<group>"; };
		06AB8CF22C542DA10070F412 /* Note.swift */ = {isa = PBXFileReference; lastKnownFileType = sourcecode.swift; path = Note.swift; sourceTree = "<group>"; };
/* End PBXFileReference section */

/* Begin PBXFrameworksBuildPhase section */
		06AB8CD62C542C420070F412 /* Frameworks */ = {
			isa = PBXFrameworksBuildPhase;
			buildActionMask = 2147483647;
			files = (
			);
			runOnlyForDeploymentPostprocessing = 0;
		};
/* End PBXFrameworksBuildPhase section */

/* Begin PBXGroup section */
		062FF8A22C54417B00090FCA /* ViewModel */ = {
			isa = PBXGroup;
			children = (
				062FF8A32C5441A400090FCA /* HomeViewModel.swift */,
			);
			path = ViewModel;
			sourceTree = "<group>";
		};
		06AB8CCC2C542C410070F412 = {
			isa = PBXGroup;
			children = (
				06AB8CDD2C542C420070F412 /* WatchOS todoApp Watch App */,
				06AB8CD42C542C420070F412 /* Products */,
			);
			sourceTree = "<group>";
		};
		06AB8CD42C542C420070F412 /* Products */ = {
			isa = PBXGroup;
			children = (
				06AB8CD32C542C420070F412 /* WatchOS todoApp.app */,
				06AB8CD92C542C420070F412 /* WatchOS todoApp Watch App.app */,
			);
			name = Products;
			sourceTree = "<group>";
		};
		06AB8CDD2C542C420070F412 /* WatchOS todoApp Watch App */ = {
			isa = PBXGroup;
			children = (
				06AB8CDE2C542C420070F412 /* WatchOS_todoAppApp.swift */,
				06AB8CF12C542D840070F412 /* Model */,
				06AB8CF02C542D730070F412 /* View */,
				062FF8A22C54417B00090FCA /* ViewModel */,
				06AB8CE22C542C470070F412 /* Assets.xcassets */,
				06AB8CE42C542C470070F412 /* Preview Content */,
			);
			path = "WatchOS todoApp Watch App";
			sourceTree = "<group>";
		};
		06AB8CE42C542C470070F412 /* Preview Content */ = {
			isa = PBXGroup;
			children = (
				06AB8CE52C542C470070F412 /* Preview Assets.xcassets */,
			);
			path = "Preview Content";
			sourceTree = "<group>";
		};
		06AB8CF02C542D730070F412 /* View */ = {
			isa = PBXGroup;
			children = (
				06AB8CE02C542C420070F412 /* Home.swift */,
			);
			path = View;
			sourceTree = "<group>";
		};
		06AB8CF12C542D840070F412 /* Model */ = {
			isa = PBXGroup;
			children = (
				06AB8CF22C542DA10070F412 /* Note.swift */,
			);
			path = Model;
			sourceTree = "<group>";
		};
/* End PBXGroup section */

/* Begin PBXNativeTarget section */
		06AB8CD22C542C420070F412 /* WatchOS todoApp */ = {
			isa = PBXNativeTarget;
			buildConfigurationList = 06AB8CED2C542C470070F412 /* Build configuration list for PBXNativeTarget "WatchOS todoApp" */;
			buildPhases = (
				06AB8CD12C542C420070F412 /* Resources */,
				06AB8CEC2C542C470070F412 /* Embed Watch Content */,
			);
			buildRules = (
			);
			dependencies = (
				06AB8CDC2C542C420070F412 /* PBXTargetDependency */,
			);
			name = "WatchOS todoApp";
			productName = "WatchOS todoApp";
			productReference = 06AB8CD32C542C420070F412 /* WatchOS todoApp.app */;
			productType = "com.apple.product-type.application.watchapp2-container";
		};
		06AB8CD82C542C420070F412 /* WatchOS todoApp Watch App */ = {
			isa = PBXNativeTarget;
			buildConfigurationList = 06AB8CE92C542C470070F412 /* Build configuration list for PBXNativeTarget "WatchOS todoApp Watch App" */;
			buildPhases = (
				06AB8CD52C542C420070F412 /* Sources */,
				06AB8CD62C542C420070F412 /* Frameworks */,
				06AB8CD72C542C420070F412 /* Resources */,
			);
			buildRules = (
			);
			dependencies = (
			);
			name = "WatchOS todoApp Watch App";
			productName = "WatchOS todoApp Watch App";
			productReference = 06AB8CD92C542C420070F412 /* WatchOS todoApp Watch App.app */;
			productType = "com.apple.product-type.application";
		};
/* End PBXNativeTarget section */

/* Begin PBXProject section */
		06AB8CCD2C542C410070F412 /* Project object */ = {
			isa = PBXProject;
			attributes = {
				BuildIndependentTargetsInParallel = 1;
				LastSwiftUpdateCheck = 1500;
				LastUpgradeCheck = 1500;
				TargetAttributes = {
					06AB8CD22C542C420070F412 = {
						CreatedOnToolsVersion = 15.0;
					};
					06AB8CD82C542C420070F412 = {
						CreatedOnToolsVersion = 15.0;
					};
				};
			};
			buildConfigurationList = 06AB8CD02C542C410070F412 /* Build configuration list for PBXProject "WatchOS todoApp" */;
			compatibilityVersion = "Xcode 14.0";
			developmentRegion = en;
			hasScannedForEncodings = 0;
			knownRegions = (
				en,
				Base,
			);
			mainGroup = 06AB8CCC2C542C410070F412;
			productRefGroup = 06AB8CD42C542C420070F412 /* Products */;
			projectDirPath = "";
			projectRoot = "";
			targets = (
				06AB8CD22C542C420070F412 /* WatchOS todoApp */,
				06AB8CD82C542C420070F412 /* WatchOS todoApp Watch App */,
			);
		};
/* End PBXProject section */

/* Begin PBXResourcesBuildPhase section */
		06AB8CD12C542C420070F412 /* Resources */ = {
			isa = PBXResourcesBuildPhase;
			buildActionMask = 2147483647;
			files = (
			);
			runOnlyForDeploymentPostprocessing = 0;
		};
		06AB8CD72C542C420070F412 /* Resources */ = {
			isa = PBXResourcesBuildPhase;
			buildActionMask = 2147483647;
			files = (
				06AB8CE62C542C470070F412 /* Preview Assets.xcassets in Resources */,
				06AB8CE32C542C470070F412 /* Assets.xcassets in Resources */,
			);
			runOnlyForDeploymentPostprocessing = 0;
		};
/* End PBXResourcesBuildPhase section */

/* Begin PBXSourcesBuildPhase section */
		06AB8CD52C542C420070F412 /* Sources */ = {
			isa = PBXSourcesBuildPhase;
			buildActionMask = 2147483647;
			files = (
				06AB8CE12C542C420070F412 /* Home.swift in Sources */,
				06AB8CF32C542DA10070F412 /* Note.swift in Sources */,
				06AB8CDF2C542C420070F412 /* WatchOS_todoAppApp.swift in Sources */,
				062FF8A42C5441A400090FCA /* HomeViewModel.swift in Sources */,
			);
			runOnlyForDeploymentPostprocessing = 0;
		};
/* End PBXSourcesBuildPhase section */

/* Begin PBXTargetDependency section */
		06AB8CDC2C542C420070F412 /* PBXTargetDependency */ = {
			isa = PBXTargetDependency;
			target = 06AB8CD82C542C420070F412 /* WatchOS todoApp Watch App */;
			targetProxy = 06AB8CDB2C542C420070F412 /* PBXContainerItemProxy */;
		};
/* End PBXTargetDependency section */

/* Begin XCBuildConfiguration section */
		06AB8CE72C542C470070F412 /* Debug */ = {
			isa = XCBuildConfiguration;
			buildSettings = {
				ALWAYS_SEARCH_USER_PATHS = NO;
				ASSETCATALOG_COMPILER_GENERATE_SWIFT_ASSET_SYMBOL_EXTENSIONS = YES;
				CLANG_ANALYZER_NONNULL = YES;
				CLANG_ANALYZER_NUMBER_OBJECT_CONVERSION = YES_AGGRESSIVE;
				CLANG_CXX_LANGUAGE_STANDARD = "gnu++20";
				CLANG_ENABLE_MODULES = YES;
				CLANG_ENABLE_OBJC_ARC = YES;
				CLANG_ENABLE_OBJC_WEAK = YES;
				CLANG_WARN_BLOCK_CAPTURE_AUTORELEASING = YES;
				CLANG_WARN_BOOL_CONVERSION = YES;
				CLANG_WARN_COMMA = YES;
				CLANG_WARN_CONSTANT_CONVERSION = YES;
				CLANG_WARN_DEPRECATED_OBJC_IMPLEMENTATIONS = YES;
				CLANG_WARN_DIRECT_OBJC_ISA_USAGE = YES_ERROR;
				CLANG_WARN_DOCUMENTATION_COMMENTS = YES;
				CLANG_WARN_EMPTY_BODY = YES;
				CLANG_WARN_ENUM_CONVERSION = YES;
				CLANG_WARN_INFINITE_RECURSION = YES;
				CLANG_WARN_INT_CONVERSION = YES;
				CLANG_WARN_NON_LITERAL_NULL_CONVERSION = YES;
				CLANG_WARN_OBJC_IMPLICIT_RETAIN_SELF = YES;
				CLANG_WARN_OBJC_LITERAL_CONVERSION = YES;
				CLANG_WARN_OBJC_ROOT_CLASS = YES_ERROR;
				CLANG_WARN_QUOTED_INCLUDE_IN_FRAMEWORK_HEADER = YES;
				CLANG_WARN_RANGE_LOOP_ANALYSIS = YES;
				CLANG_WARN_STRICT_PROTOTYPES = YES;
				CLANG_WARN_SUSPICIOUS_MOVE = YES;
				CLANG_WARN_UNGUARDED_AVAILABILITY = YES_AGGRESSIVE;
				CLANG_WARN_UNREACHABLE_CODE = YES;
				CLANG_WARN__DUPLICATE_METHOD_MATCH = YES;
				COPY_PHASE_STRIP = NO;
				DEBUG_INFORMATION_FORMAT = dwarf;
				ENABLE_STRICT_OBJC_MSGSEND = YES;
				ENABLE_TESTABILITY = YES;
				ENABLE_USER_SCRIPT_SANDBOXING = YES;
				GCC_C_LANGUAGE_STANDARD = gnu17;
				GCC_DYNAMIC_NO_PIC = NO;
				GCC_NO_COMMON_BLOCKS = YES;
				GCC_OPTIMIZATION_LEVEL = 0;
				GCC_PREPROCESSOR_DEFINITIONS = (
					"DEBUG=1",
					"$(inherited)",
				);
				GCC_WARN_64_TO_32_BIT_CONVERSION = YES;
				GCC_WARN_ABOUT_RETURN_TYPE = YES_ERROR;
				GCC_WARN_UNDECLARED_SELECTOR = YES;
				GCC_WARN_UNINITIALIZED_AUTOS = YES_AGGRESSIVE;
				GCC_WARN_UNUSED_FUNCTION = YES;
				GCC_WARN_UNUSED_VARIABLE = YES;
				LOCALIZATION_PREFERS_STRING_CATALOGS = YES;
				MTL_ENABLE_DEBUG_INFO = INCLUDE_SOURCE;
				MTL_FAST_MATH = YES;
				ONLY_ACTIVE_ARCH = YES;
				SWIFT_ACTIVE_COMPILATION_CONDITIONS = "DEBUG $(inherited)";
				SWIFT_OPTIMIZATION_LEVEL = "-Onone";
			};
			name = Debug;
		};
		06AB8CE82C542C470070F412 /* Release */ = {
			isa = XCBuildConfiguration;
			buildSettings = {
				ALWAYS_SEARCH_USER_PATHS = NO;
				ASSETCATALOG_COMPILER_GENERATE_SWIFT_ASSET_SYMBOL_EXTENSIONS = YES;
				CLANG_ANALYZER_NONNULL = YES;
				CLANG_ANALYZER_NUMBER_OBJECT_CONVERSION = YES_AGGRESSIVE;
				CLANG_CXX_LANGUAGE_STANDARD = "gnu++20";
				CLANG_ENABLE_MODULES = YES;
				CLANG_ENABLE_OBJC_ARC = YES;
				CLANG_ENABLE_OBJC_WEAK = YES;
				CLANG_WARN_BLOCK_CAPTURE_AUTORELEASING = YES;
				CLANG_WARN_BOOL_CONVERSION = YES;
				CLANG_WARN_COMMA = YES;
				CLANG_WARN_CONSTANT_CONVERSION = YES;
				CLANG_WARN_DEPRECATED_OBJC_IMPLEMENTATIONS = YES;
				CLANG_WARN_DIRECT_OBJC_ISA_USAGE = YES_ERROR;
				CLANG_WARN_DOCUMENTATION_COMMENTS = YES;
				CLANG_WARN_EMPTY_BODY = YES;
				CLANG_WARN_ENUM_CONVERSION = YES;
				CLANG_WARN_INFINITE_RECURSION = YES;
				CLANG_WARN_INT_CONVERSION = YES;
				CLANG_WARN_NON_LITERAL_NULL_CONVERSION = YES;
				CLANG_WARN_OBJC_IMPLICIT_RETAIN_SELF = YES;
				CLANG_WARN_OBJC_LITERAL_CONVERSION = YES;
				CLANG_WARN_OBJC_ROOT_CLASS = YES_ERROR;
				CLANG_WARN_QUOTED_INCLUDE_IN_FRAMEWORK_HEADER = YES;
				CLANG_WARN_RANGE_LOOP_ANALYSIS = YES;
				CLANG_WARN_STRICT_PROTOTYPES = YES;
				CLANG_WARN_SUSPICIOUS_MOVE = YES;
				CLANG_WARN_UNGUARDED_AVAILABILITY = YES_AGGRESSIVE;
				CLANG_WARN_UNREACHABLE_CODE = YES;
				CLANG_WARN__DUPLICATE_METHOD_MATCH = YES;
				COPY_PHASE_STRIP = NO;
				DEBUG_INFORMATION_FORMAT = "dwarf-with-dsym";
				ENABLE_NS_ASSERTIONS = NO;
				ENABLE_STRICT_OBJC_MSGSEND = YES;
				ENABLE_USER_SCRIPT_SANDBOXING = YES;
				GCC_C_LANGUAGE_STANDARD = gnu17;
				GCC_NO_COMMON_BLOCKS = YES;
				GCC_WARN_64_TO_32_BIT_CONVERSION = YES;
				GCC_WARN_ABOUT_RETURN_TYPE = YES_ERROR;
				GCC_WARN_UNDECLARED_SELECTOR = YES;
				GCC_WARN_UNINITIALIZED_AUTOS = YES_AGGRESSIVE;
				GCC_WARN_UNUSED_FUNCTION = YES;
				GCC_WARN_UNUSED_VARIABLE = YES;
				LOCALIZATION_PREFERS_STRING_CATALOGS = YES;
				MTL_ENABLE_DEBUG_INFO = NO;
				MTL_FAST_MATH = YES;
				SWIFT_COMPILATION_MODE = wholemodule;
			};
			name = Release;
		};
		06AB8CEA2C542C470070F412 /* Debug */ = {
			isa = XCBuildConfiguration;
			buildSettings = {
				ASSETCATALOG_COMPILER_APPICON_NAME = AppIcon;
				ASSETCATALOG_COMPILER_GLOBAL_ACCENT_COLOR_NAME = AccentColor;
				CODE_SIGN_STYLE = Automatic;
				CURRENT_PROJECT_VERSION = 1;
				DEVELOPMENT_ASSET_PATHS = "\"WatchOS todoApp Watch App/Preview Content\"";
				DEVELOPMENT_TEAM = C6XTKRKMWB;
				ENABLE_PREVIEWS = YES;
				GENERATE_INFOPLIST_FILE = YES;
				INFOPLIST_KEY_CFBundleDisplayName = "WatchOS todoApp";
				INFOPLIST_KEY_UISupportedInterfaceOrientations = "UIInterfaceOrientationPortrait UIInterfaceOrientationPortraitUpsideDown";
				INFOPLIST_KEY_WKWatchOnly = YES;
				LD_RUNPATH_SEARCH_PATHS = (
					"$(inherited)",
					"@executable_path/Frameworks",
				);
				MARKETING_VERSION = 1.0;
				PRODUCT_BUNDLE_IDENTIFIER = "com.nebula.WatchOS-todoApp.watchkitapp";
				PRODUCT_NAME = "$(TARGET_NAME)";
				SDKROOT = watchos;
				SKIP_INSTALL = YES;
				SWIFT_EMIT_LOC_STRINGS = YES;
				SWIFT_VERSION = 5.0;
				TARGETED_DEVICE_FAMILY = 4;
				WATCHOS_DEPLOYMENT_TARGET = 10.0;
			};
			name = Debug;
		};
		06AB8CEB2C542C470070F412 /* Release */ = {
			isa = XCBuildConfiguration;
			buildSettings = {
				ASSETCATALOG_COMPILER_APPICON_NAME = AppIcon;
				ASSETCATALOG_COMPILER_GLOBAL_ACCENT_COLOR_NAME = AccentColor;
				CODE_SIGN_STYLE = Automatic;
				CURRENT_PROJECT_VERSION = 1;
				DEVELOPMENT_ASSET_PATHS = "\"WatchOS todoApp Watch App/Preview Content\"";
				DEVELOPMENT_TEAM = C6XTKRKMWB;
				ENABLE_PREVIEWS = YES;
				GENERATE_INFOPLIST_FILE = YES;
				INFOPLIST_KEY_CFBundleDisplayName = "WatchOS todoApp";
				INFOPLIST_KEY_UISupportedInterfaceOrientations = "UIInterfaceOrientationPortrait UIInterfaceOrientationPortraitUpsideDown";
				INFOPLIST_KEY_WKWatchOnly = YES;
				LD_RUNPATH_SEARCH_PATHS = (
					"$(inherited)",
					"@executable_path/Frameworks",
				);
				MARKETING_VERSION = 1.0;
				PRODUCT_BUNDLE_IDENTIFIER = "com.nebula.WatchOS-todoApp.watchkitapp";
				PRODUCT_NAME = "$(TARGET_NAME)";
				SDKROOT = watchos;
				SKIP_INSTALL = YES;
				SWIFT_EMIT_LOC_STRINGS = YES;
				SWIFT_VERSION = 5.0;
				TARGETED_DEVICE_FAMILY = 4;
				VALIDATE_PRODUCT = YES;
				WATCHOS_DEPLOYMENT_TARGET = 10.0;
			};
			name = Release;
		};
		06AB8CEE2C542C470070F412 /* Debug */ = {
			isa = XCBuildConfiguration;
			buildSettings = {
				ALWAYS_EMBED_SWIFT_STANDARD_LIBRARIES = YES;
				CODE_SIGN_STYLE = Automatic;
				CURRENT_PROJECT_VERSION = 1;
				DEVELOPMENT_TEAM = C6XTKRKMWB;
				INFOPLIST_KEY_CFBundleDisplayName = "WatchOS todoApp";
				MARKETING_VERSION = 1.0;
				PRODUCT_BUNDLE_IDENTIFIER = "com.nebula.WatchOS-todoApp";
				PRODUCT_NAME = "$(TARGET_NAME)";
				SDKROOT = iphoneos;
				SWIFT_VERSION = 5.0;
			};
			name = Debug;
		};
		06AB8CEF2C542C470070F412 /* Release */ = {
			isa = XCBuildConfiguration;
			buildSettings = {
				ALWAYS_EMBED_SWIFT_STANDARD_LIBRARIES = YES;
				CODE_SIGN_STYLE = Automatic;
				CURRENT_PROJECT_VERSION = 1;
				DEVELOPMENT_TEAM = C6XTKRKMWB;
				INFOPLIST_KEY_CFBundleDisplayName = "WatchOS todoApp";
				MARKETING_VERSION = 1.0;
				PRODUCT_BUNDLE_IDENTIFIER = "com.nebula.WatchOS-todoApp";
				PRODUCT_NAME = "$(TARGET_NAME)";
				SDKROOT = iphoneos;
				SWIFT_VERSION = 5.0;
				VALIDATE_PRODUCT = YES;
			};
			name = Release;
		};
/* End XCBuildConfiguration section */

/* Begin XCConfigurationList section */
		06AB8CD02C542C410070F412 /* Build configuration list for PBXProject "WatchOS todoApp" */ = {
			isa = XCConfigurationList;
			buildConfigurations = (
				06AB8CE72C542C470070F412 /* Debug */,
				06AB8CE82C542C470070F412 /* Release */,
			);
			defaultConfigurationIsVisible = 0;
			defaultConfigurationName = Release;
		};
		06AB8CE92C542C470070F412 /* Build configuration list for PBXNativeTarget "WatchOS todoApp Watch App" */ = {
			isa = XCConfigurationList;
			buildConfigurations = (
				06AB8CEA2C542C470070F412 /* Debug */,
				06AB8CEB2C542C470070F412 /* Release */,
			);
			defaultConfigurationIsVisible = 0;
			defaultConfigurationName = Release;
		};
		06AB8CED2C542C470070F412 /* Build configuration list for PBXNativeTarget "WatchOS todoApp" */ = {
			isa = XCConfigurationList;
			buildConfigurations = (
				06AB8CEE2C542C470070F412 /* Debug */,
				06AB8CEF2C542C470070F412 /* Release */,
			);
			defaultConfigurationIsVisible = 0;
			defaultConfigurationName = Release;
		};
/* End XCConfigurationList section */
	};
	rootObject = 06AB8CCD2C542C410070F412 /* Project object */;
}
